
Microsoft Visual Studio Solution File, Format Version 12.00
# Visual Studio Version 16
VisualStudioVersion = 16.0.29806.167
MinimumVisualStudioVersion = 10.0.40219.1
Project("{FAE04EC0-301F-11D3-BF4B-00C04F79EFBC}") = "REApp", "REApp\REApp.csproj", "{19ABF98C-639E-4E6D-B7FD-10E1E5CD711B}"
EndProject
Project("{FAE04EC0-301F-11D3-BF4B-00C04F79EFBC}") = "REApp.Tests", "REApp.Tests\REApp.Tests.csproj", "{8C6A1A28-89D8-47C0-82AF-DAF182CA013A}"
EndProject
Global
	GlobalSection(SolutionConfigurationPlatforms) = preSolution
		Debug|Any CPU = Debug|Any CPU
		Release|Any CPU = Release|Any CPU
	EndGlobalSection
	GlobalSection(ProjectConfigurationPlatforms) = postSolution
		{19ABF98C-639E-4E6D-B7FD-10E1E5CD711B}.Debug|Any CPU.ActiveCfg = Debug|Any CPU
		{19ABF98C-639E-4E6D-B7FD-10E1E5CD711B}.Debug|Any CPU.Build.0 = Debug|Any CPU
		{19ABF98C-639E-4E6D-B7FD-10E1E5CD711B}.Release|Any CPU.ActiveCfg = Release|Any CPU
		{19ABF98C-639E-4E6D-B7FD-10E1E5CD711B}.Release|Any CPU.Build.0 = Release|Any CPU
		{8C6A1A28-89D8-47C0-82AF-DAF182CA013A}.Debug|Any CPU.ActiveCfg = Debug|Any CPU
		{8C6A1A28-89D8-47C0-82AF-DAF182CA013A}.Debug|Any CPU.Build.0 = Debug|Any CPU
		{8C6A1A28-89D8-47C0-82AF-DAF182CA013A}.Release|Any CPU.ActiveCfg = Release|Any CPU
		{8C6A1A28-89D8-47C0-82AF-DAF182CA013A}.Release|Any CPU.Build.0 = Release|Any CPU
	EndGlobalSection
	GlobalSection(SolutionProperties) = preSolution
		HideSolutionNode = FALSE
	EndGlobalSection
	GlobalSection(ExtensibilityGlobals) = postSolution
		SolutionGuid = {DE755466-E827-48F6-9FF9-F63FBBCB5CB5}
	EndGlobalSection
EndGlobal
